// !$*UTF8*$!
{
	archiveVersion = 1;
	classes = {
	};
	objectVersion = 46;
	objects = {

/* Begin PBXBuildFile section */
		075591221922E2A000C2C7B7 /* Foundation.framework in Frameworks */ = {isa = PBXBuildFile; fileRef = 075591211922E2A000C2C7B7 /* Foundation.framework */; };
		075591241922E2A000C2C7B7 /* CoreGraphics.framework in Frameworks */ = {isa = PBXBuildFile; fileRef = 075591231922E2A000C2C7B7 /* CoreGraphics.framework */; };
		075591261922E2A000C2C7B7 /* UIKit.framework in Frameworks */ = {isa = PBXBuildFile; fileRef = 075591251922E2A000C2C7B7 /* UIKit.framework */; };
		0755912C1922E2A000C2C7B7 /* InfoPlist.strings in Resources */ = {isa = PBXBuildFile; fileRef = 0755912A1922E2A000C2C7B7 /* InfoPlist.strings */; };
		0755912E1922E2A000C2C7B7 /* main.m in Sources */ = {isa = PBXBuildFile; fileRef = 0755912D1922E2A000C2C7B7 /* main.m */; };
		075591321922E2A000C2C7B7 /* CWDAppDelegate.m in Sources */ = {isa = PBXBuildFile; fileRef = 075591311922E2A000C2C7B7 /* CWDAppDelegate.m */; };
		075591351922E2A000C2C7B7 /* Main.storyboard in Resources */ = {isa = PBXBuildFile; fileRef = 075591331922E2A000C2C7B7 /* Main.storyboard */; };
		075591381922E2A000C2C7B7 /* CWDViewController.m in Sources */ = {isa = PBXBuildFile; fileRef = 075591371922E2A000C2C7B7 /* CWDViewController.m */; };
		0755913A1922E2A000C2C7B7 /* Images.xcassets in Resources */ = {isa = PBXBuildFile; fileRef = 075591391922E2A000C2C7B7 /* Images.xcassets */; };
		075591411922E2A000C2C7B7 /* XCTest.framework in Frameworks */ = {isa = PBXBuildFile; fileRef = 075591401922E2A000C2C7B7 /* XCTest.framework */; };
		075591421922E2A000C2C7B7 /* Foundation.framework in Frameworks */ = {isa = PBXBuildFile; fileRef = 075591211922E2A000C2C7B7 /* Foundation.framework */; };
		075591431922E2A000C2C7B7 /* UIKit.framework in Frameworks */ = {isa = PBXBuildFile; fileRef = 075591251922E2A000C2C7B7 /* UIKit.framework */; };
		0755914B1922E2A000C2C7B7 /* InfoPlist.strings in Resources */ = {isa = PBXBuildFile; fileRef = 075591491922E2A000C2C7B7 /* InfoPlist.strings */; };
		0755914D1922E2A000C2C7B7 /* CoverageTestingTests.m in Sources */ = {isa = PBXBuildFile; fileRef = 0755914C1922E2A000C2C7B7 /* CoverageTestingTests.m */; };
		075591581922E2CF00C2C7B7 /* CWDCalculatorService.m in Sources */ = {isa = PBXBuildFile; fileRef = 075591571922E2CF00C2C7B7 /* CWDCalculatorService.m */; };
		075591591922E2CF00C2C7B7 /* CWDCalculatorService.m in Sources */ = {isa = PBXBuildFile; fileRef = 075591571922E2CF00C2C7B7 /* CWDCalculatorService.m */; };
		0755915B1922E34B00C2C7B7 /* CWDCalculatorServiceTests.m in Sources */ = {isa = PBXBuildFile; fileRef = 0755915A1922E34B00C2C7B7 /* CWDCalculatorServiceTests.m */; };
		0755915F1922EAAA00C2C7B7 /* GTMCodeCoverageTestsXC.m in Sources */ = {isa = PBXBuildFile; fileRef = 0755915D1922EAAA00C2C7B7 /* GTMCodeCoverageTestsXC.m */; };
		075591621922EAB500C2C7B7 /* GTMCodeCoverageApp.m in Sources */ = {isa = PBXBuildFile; fileRef = 075591601922EAB500C2C7B7 /* GTMCodeCoverageApp.m */; };
		075591631922EAB500C2C7B7 /* GTMCodeCoverageApp.m in Sources */ = {isa = PBXBuildFile; fileRef = 075591601922EAB500C2C7B7 /* GTMCodeCoverageApp.m */; };
/* End PBXBuildFile section */

/* Begin PBXContainerItemProxy section */
		075591441922E2A000C2C7B7 /* PBXContainerItemProxy */ = {
			isa = PBXContainerItemProxy;
			containerPortal = 075591161922E2A000C2C7B7 /* Project object */;
			proxyType = 1;
			remoteGlobalIDString = 0755911D1922E2A000C2C7B7;
			remoteInfo = CoverageTesting;
		};
/* End PBXContainerItemProxy section */

/* Begin PBXFileReference section */
		0755911E1922E2A000C2C7B7 /* CoverageTesting.app */ = {isa = PBXFileReference; explicitFileType = wrapper.application; includeInIndex = 0; path = CoverageTesting.app; sourceTree = BUILT_PRODUCTS_DIR; };
		075591211922E2A000C2C7B7 /* Foundation.framework */ = {isa = PBXFileReference; lastKnownFileType = wrapper.framework; name = Foundation.framework; path = System/Library/Frameworks/Foundation.framework; sourceTree = SDKROOT; };
		075591231922E2A000C2C7B7 /* CoreGraphics.framework */ = {isa = PBXFileReference; lastKnownFileType = wrapper.framework; name = CoreGraphics.framework; path = System/Library/Frameworks/CoreGraphics.framework; sourceTree = SDKROOT; };
		075591251922E2A000C2C7B7 /* UIKit.framework */ = {isa = PBXFileReference; lastKnownFileType = wrapper.framework; name = UIKit.framework; path = System/Library/Frameworks/UIKit.framework; sourceTree = SDKROOT; };
		075591291922E2A000C2C7B7 /* CoverageTesting-Info.plist */ = {isa = PBXFileReference; lastKnownFileType = text.plist.xml; path = "CoverageTesting-Info.plist"; sourceTree = "<group>"; };
		0755912B1922E2A000C2C7B7 /* en */ = {isa = PBXFileReference; lastKnownFileType = text.plist.strings; name = en; path = en.lproj/InfoPlist.strings; sourceTree = "<group>"; };
		0755912D1922E2A000C2C7B7 /* main.m */ = {isa = PBXFileReference; lastKnownFileType = sourcecode.c.objc; path = main.m; sourceTree = "<group>"; };
		0755912F1922E2A000C2C7B7 /* CoverageTesting-Prefix.pch */ = {isa = PBXFileReference; lastKnownFileType = sourcecode.c.h; path = "CoverageTesting-Prefix.pch"; sourceTree = "<group>"; };
		075591301922E2A000C2C7B7 /* CWDAppDelegate.h */ = {isa = PBXFileReference; lastKnownFileType = sourcecode.c.h; path = CWDAppDelegate.h; sourceTree = "<group>"; };
		075591311922E2A000C2C7B7 /* CWDAppDelegate.m */ = {isa = PBXFileReference; lastKnownFileType = sourcecode.c.objc; path = CWDAppDelegate.m; sourceTree = "<group>"; };
		075591341922E2A000C2C7B7 /* Base */ = {isa = PBXFileReference; lastKnownFileType = file.storyboard; name = Base; path = Base.lproj/Main.storyboard; sourceTree = "<group>"; };
		075591361922E2A000C2C7B7 /* CWDViewController.h */ = {isa = PBXFileReference; lastKnownFileType = sourcecode.c.h; path = CWDViewController.h; sourceTree = "<group>"; };
		075591371922E2A000C2C7B7 /* CWDViewController.m */ = {isa = PBXFileReference; lastKnownFileType = sourcecode.c.objc; path = CWDViewController.m; sourceTree = "<group>"; };
		075591391922E2A000C2C7B7 /* Images.xcassets */ = {isa = PBXFileReference; lastKnownFileType = folder.assetcatalog; path = Images.xcassets; sourceTree = "<group>"; };
		0755913F1922E2A000C2C7B7 /* CoverageTestingTests.xctest */ = {isa = PBXFileReference; explicitFileType = wrapper.cfbundle; includeInIndex = 0; path = CoverageTestingTests.xctest; sourceTree = BUILT_PRODUCTS_DIR; };
		075591401922E2A000C2C7B7 /* XCTest.framework */ = {isa = PBXFileReference; lastKnownFileType = wrapper.framework; name = XCTest.framework; path = Library/Frameworks/XCTest.framework; sourceTree = DEVELOPER_DIR; };
		075591481922E2A000C2C7B7 /* CoverageTestingTests-Info.plist */ = {isa = PBXFileReference; lastKnownFileType = text.plist.xml; path = "CoverageTestingTests-Info.plist"; sourceTree = "<group>"; };
		0755914A1922E2A000C2C7B7 /* en */ = {isa = PBXFileReference; lastKnownFileType = text.plist.strings; name = en; path = en.lproj/InfoPlist.strings; sourceTree = "<group>"; };
		0755914C1922E2A000C2C7B7 /* CoverageTestingTests.m */ = {isa = PBXFileReference; lastKnownFileType = sourcecode.c.objc; path = CoverageTestingTests.m; sourceTree = "<group>"; };
		075591561922E2CF00C2C7B7 /* CWDCalculatorService.h */ = {isa = PBXFileReference; fileEncoding = 4; lastKnownFileType = sourcecode.c.h; path = CWDCalculatorService.h; sourceTree = "<group>"; };
		075591571922E2CF00C2C7B7 /* CWDCalculatorService.m */ = {isa = PBXFileReference; fileEncoding = 4; lastKnownFileType = sourcecode.c.objc; path = CWDCalculatorService.m; sourceTree = "<group>"; };
		0755915A1922E34B00C2C7B7 /* CWDCalculatorServiceTests.m */ = {isa = PBXFileReference; fileEncoding = 4; lastKnownFileType = sourcecode.c.objc; path = CWDCalculatorServiceTests.m; sourceTree = "<group>"; };
		0755915D1922EAAA00C2C7B7 /* GTMCodeCoverageTestsXC.m */ = {isa = PBXFileReference; fileEncoding = 4; lastKnownFileType = sourcecode.c.objc; path = GTMCodeCoverageTestsXC.m; sourceTree = "<group>"; };
		075591601922EAB500C2C7B7 /* GTMCodeCoverageApp.m */ = {isa = PBXFileReference; fileEncoding = 4; lastKnownFileType = sourcecode.c.objc; path = GTMCodeCoverageApp.m; sourceTree = "<group>"; };
		075591611922EAB500C2C7B7 /* GTMCodeCoverageApp.h */ = {isa = PBXFileReference; fileEncoding = 4; lastKnownFileType = sourcecode.c.h; path = GTMCodeCoverageApp.h; sourceTree = "<group>"; };
/* End PBXFileReference section */

/* Begin PBXFrameworksBuildPhase section */
		0755911B1922E2A000C2C7B7 /* Frameworks */ = {
			isa = PBXFrameworksBuildPhase;
			buildActionMask = 2147483647;
			files = (
				075591241922E2A000C2C7B7 /* CoreGraphics.framework in Frameworks */,
				075591261922E2A000C2C7B7 /* UIKit.framework in Frameworks */,
				075591221922E2A000C2C7B7 /* Foundation.framework in Frameworks */,
			);
			runOnlyForDeploymentPostprocessing = 0;
		};
		0755913C1922E2A000C2C7B7 /* Frameworks */ = {
			isa = PBXFrameworksBuildPhase;
			buildActionMask = 2147483647;
			files = (
				075591411922E2A000C2C7B7 /* XCTest.framework in Frameworks */,
				075591431922E2A000C2C7B7 /* UIKit.framework in Frameworks */,
				075591421922E2A000C2C7B7 /* Foundation.framework in Frameworks */,
			);
			runOnlyForDeploymentPostprocessing = 0;
		};
/* End PBXFrameworksBuildPhase section */

/* Begin PBXGroup section */
		075591151922E2A000C2C7B7 = {
			isa = PBXGroup;
			children = (
				075591271922E2A000C2C7B7 /* CoverageTesting */,
				075591461922E2A000C2C7B7 /* CoverageTestingTests */,
				075591201922E2A000C2C7B7 /* Frameworks */,
				0755911F1922E2A000C2C7B7 /* Products */,
			);
			sourceTree = "<group>";
		};
		0755911F1922E2A000C2C7B7 /* Products */ = {
			isa = PBXGroup;
			children = (
				0755911E1922E2A000C2C7B7 /* CoverageTesting.app */,
				0755913F1922E2A000C2C7B7 /* CoverageTestingTests.xctest */,
			);
			name = Products;
			sourceTree = "<group>";
		};
		075591201922E2A000C2C7B7 /* Frameworks */ = {
			isa = PBXGroup;
			children = (
				075591211922E2A000C2C7B7 /* Foundation.framework */,
				075591231922E2A000C2C7B7 /* CoreGraphics.framework */,
				075591251922E2A000C2C7B7 /* UIKit.framework */,
				075591401922E2A000C2C7B7 /* XCTest.framework */,
			);
			name = Frameworks;
			sourceTree = "<group>";
		};
		075591271922E2A000C2C7B7 /* CoverageTesting */ = {
			isa = PBXGroup;
			children = (
				075591601922EAB500C2C7B7 /* GTMCodeCoverageApp.m */,
				075591611922EAB500C2C7B7 /* GTMCodeCoverageApp.h */,
				075591301922E2A000C2C7B7 /* CWDAppDelegate.h */,
				075591311922E2A000C2C7B7 /* CWDAppDelegate.m */,
				075591331922E2A000C2C7B7 /* Main.storyboard */,
				075591361922E2A000C2C7B7 /* CWDViewController.h */,
				075591371922E2A000C2C7B7 /* CWDViewController.m */,
				075591391922E2A000C2C7B7 /* Images.xcassets */,
				075591281922E2A000C2C7B7 /* Supporting Files */,
				075591561922E2CF00C2C7B7 /* CWDCalculatorService.h */,
				075591571922E2CF00C2C7B7 /* CWDCalculatorService.m */,
			);
			path = CoverageTesting;
			sourceTree = "<group>";
		};
		075591281922E2A000C2C7B7 /* Supporting Files */ = {
			isa = PBXGroup;
			children = (
				075591291922E2A000C2C7B7 /* CoverageTesting-Info.plist */,
				0755912A1922E2A000C2C7B7 /* InfoPlist.strings */,
				0755912D1922E2A000C2C7B7 /* main.m */,
				0755912F1922E2A000C2C7B7 /* CoverageTesting-Prefix.pch */,
			);
			name = "Supporting Files";
			sourceTree = "<group>";
		};
		075591461922E2A000C2C7B7 /* CoverageTestingTests */ = {
			isa = PBXGroup;
			children = (
				0755915D1922EAAA00C2C7B7 /* GTMCodeCoverageTestsXC.m */,
				0755914C1922E2A000C2C7B7 /* CoverageTestingTests.m */,
				075591471922E2A000C2C7B7 /* Supporting Files */,
				0755915A1922E34B00C2C7B7 /* CWDCalculatorServiceTests.m */,
			);
			path = CoverageTestingTests;
			sourceTree = "<group>";
		};
		075591471922E2A000C2C7B7 /* Supporting Files */ = {
			isa = PBXGroup;
			children = (
				075591481922E2A000C2C7B7 /* CoverageTestingTests-Info.plist */,
				075591491922E2A000C2C7B7 /* InfoPlist.strings */,
			);
			name = "Supporting Files";
			sourceTree = "<group>";
		};
/* End PBXGroup section */

/* Begin PBXNativeTarget section */
		0755911D1922E2A000C2C7B7 /* CoverageTesting */ = {
			isa = PBXNativeTarget;
			buildConfigurationList = 075591501922E2A000C2C7B7 /* Build configuration list for PBXNativeTarget "CoverageTesting" */;
			buildPhases = (
				0755911A1922E2A000C2C7B7 /* Sources */,
				0755911B1922E2A000C2C7B7 /* Frameworks */,
				0755911C1922E2A000C2C7B7 /* Resources */,
				0755915C1922E52300C2C7B7 /* ShellScript */,
			);
			buildRules = (
			);
			dependencies = (
			);
			name = CoverageTesting;
			productName = CoverageTesting;
			productReference = 0755911E1922E2A000C2C7B7 /* CoverageTesting.app */;
			productType = "com.apple.product-type.application";
		};
		0755913E1922E2A000C2C7B7 /* CoverageTestingTests */ = {
			isa = PBXNativeTarget;
			buildConfigurationList = 075591531922E2A000C2C7B7 /* Build configuration list for PBXNativeTarget "CoverageTestingTests" */;
			buildPhases = (
				0755913B1922E2A000C2C7B7 /* Sources */,
				0755913C1922E2A000C2C7B7 /* Frameworks */,
				0755913D1922E2A000C2C7B7 /* Resources */,
			);
			buildRules = (
			);
			dependencies = (
				075591451922E2A000C2C7B7 /* PBXTargetDependency */,
			);
			name = CoverageTestingTests;
			productName = CoverageTestingTests;
			productReference = 0755913F1922E2A000C2C7B7 /* CoverageTestingTests.xctest */;
			productType = "com.apple.product-type.bundle.unit-test";
		};
/* End PBXNativeTarget section */

/* Begin PBXProject section */
		075591161922E2A000C2C7B7 /* Project object */ = {
			isa = PBXProject;
			attributes = {
				CLASSPREFIX = CWD;
				LastUpgradeCheck = 0510;
				TargetAttributes = {
					0755913E1922E2A000C2C7B7 = {
						TestTargetID = 0755911D1922E2A000C2C7B7;
					};
				};
			};
			buildConfigurationList = 075591191922E2A000C2C7B7 /* Build configuration list for PBXProject "CoverageTesting" */;
			compatibilityVersion = "Xcode 3.2";
			developmentRegion = English;
			hasScannedForEncodings = 0;
			knownRegions = (
				en,
				Base,
			);
			mainGroup = 075591151922E2A000C2C7B7;
			productRefGroup = 0755911F1922E2A000C2C7B7 /* Products */;
			projectDirPath = "";
			projectRoot = "";
			targets = (
				0755911D1922E2A000C2C7B7 /* CoverageTesting */,
				0755913E1922E2A000C2C7B7 /* CoverageTestingTests */,
			);
		};
/* End PBXProject section */

/* Begin PBXResourcesBuildPhase section */
		0755911C1922E2A000C2C7B7 /* Resources */ = {
			isa = PBXResourcesBuildPhase;
			buildActionMask = 2147483647;
			files = (
				0755913A1922E2A000C2C7B7 /* Images.xcassets in Resources */,
				0755912C1922E2A000C2C7B7 /* InfoPlist.strings in Resources */,
				075591351922E2A000C2C7B7 /* Main.storyboard in Resources */,
			);
			runOnlyForDeploymentPostprocessing = 0;
		};
		0755913D1922E2A000C2C7B7 /* Resources */ = {
			isa = PBXResourcesBuildPhase;
			buildActionMask = 2147483647;
			files = (
				0755914B1922E2A000C2C7B7 /* InfoPlist.strings in Resources */,
			);
			runOnlyForDeploymentPostprocessing = 0;
		};
/* End PBXResourcesBuildPhase section */

/* Begin PBXShellScriptBuildPhase section */
		0755915C1922E52300C2C7B7 /* ShellScript */ = {
			isa = PBXShellScriptBuildPhase;
			buildActionMask = 2147483647;
			files = (
			);
			inputPaths = (
			);
			outputPaths = (
			);
			runOnlyForDeploymentPostprocessing = 0;
			shellPath = /bin/sh;
			shellScript = XcodeCoverage/exportenv.sh;
		};
/* End PBXShellScriptBuildPhase section */

/* Begin PBXSourcesBuildPhase section */
		0755911A1922E2A000C2C7B7 /* Sources */ = {
			isa = PBXSourcesBuildPhase;
			buildActionMask = 2147483647;
			files = (
				0755912E1922E2A000C2C7B7 /* main.m in Sources */,
				075591381922E2A000C2C7B7 /* CWDViewController.m in Sources */,
				075591581922E2CF00C2C7B7 /* CWDCalculatorService.m in Sources */,
				075591321922E2A000C2C7B7 /* CWDAppDelegate.m in Sources */,
				075591621922EAB500C2C7B7 /* GTMCodeCoverageApp.m in Sources */,
			);
			runOnlyForDeploymentPostprocessing = 0;
		};
		0755913B1922E2A000C2C7B7 /* Sources */ = {
			isa = PBXSourcesBuildPhase;
			buildActionMask = 2147483647;
			files = (
				0755915F1922EAAA00C2C7B7 /* GTMCodeCoverageTestsXC.m in Sources */,
				075591631922EAB500C2C7B7 /* GTMCodeCoverageApp.m in Sources */,
				0755915B1922E34B00C2C7B7 /* CWDCalculatorServiceTests.m in Sources */,
				075591591922E2CF00C2C7B7 /* CWDCalculatorService.m in Sources */,
				0755914D1922E2A000C2C7B7 /* CoverageTestingTests.m in Sources */,
			);
			runOnlyForDeploymentPostprocessing = 0;
		};
/* End PBXSourcesBuildPhase section */

/* Begin PBXTargetDependency section */
		075591451922E2A000C2C7B7 /* PBXTargetDependency */ = {
			isa = PBXTargetDependency;
			target = 0755911D1922E2A000C2C7B7 /* CoverageTesting */;
			targetProxy = 075591441922E2A000C2C7B7 /* PBXContainerItemProxy */;
		};
/* End PBXTargetDependency section */

/* Begin PBXVariantGroup section */
		0755912A1922E2A000C2C7B7 /* InfoPlist.strings */ = {
			isa = PBXVariantGroup;
			children = (
				0755912B1922E2A000C2C7B7 /* en */,
			);
			name = InfoPlist.strings;
			sourceTree = "<group>";
		};
		075591331922E2A000C2C7B7 /* Main.storyboard */ = {
			isa = PBXVariantGroup;
			children = (
				075591341922E2A000C2C7B7 /* Base */,
			);
			name = Main.storyboard;
			sourceTree = "<group>";
		};
		075591491922E2A000C2C7B7 /* InfoPlist.strings */ = {
			isa = PBXVariantGroup;
			children = (
				0755914A1922E2A000C2C7B7 /* en */,
			);
			name = InfoPlist.strings;
			sourceTree = "<group>";
		};
/* End PBXVariantGroup section */

/* Begin XCBuildConfiguration section */
		0755914E1922E2A000C2C7B7 /* Debug */ = {
			isa = XCBuildConfiguration;
			buildSettings = {
				ALWAYS_SEARCH_USER_PATHS = NO;
				CLANG_CXX_LANGUAGE_STANDARD = "gnu++0x";
				CLANG_CXX_LIBRARY = "libc++";
				CLANG_ENABLE_MODULES = YES;
				CLANG_ENABLE_OBJC_ARC = YES;
				CLANG_WARN_BOOL_CONVERSION = YES;
				CLANG_WARN_CONSTANT_CONVERSION = YES;
				CLANG_WARN_DIRECT_OBJC_ISA_USAGE = YES_ERROR;
				CLANG_WARN_EMPTY_BODY = YES;
				CLANG_WARN_ENUM_CONVERSION = YES;
				CLANG_WARN_INT_CONVERSION = YES;
				CLANG_WARN_OBJC_ROOT_CLASS = YES_ERROR;
				CLANG_WARN__DUPLICATE_METHOD_MATCH = YES;
				"CODE_SIGN_IDENTITY[sdk=iphoneos*]" = "iPhone Developer";
				COPY_PHASE_STRIP = NO;
				GCC_C_LANGUAGE_STANDARD = gnu99;
				GCC_DYNAMIC_NO_PIC = NO;
				GCC_GENERATE_TEST_COVERAGE_FILES = YES;
				GCC_INSTRUMENT_PROGRAM_FLOW_ARCS = YES;
				GCC_OPTIMIZATION_LEVEL = 0;
				GCC_PREPROCESSOR_DEFINITIONS = (
					"DEBUG=1",
					"$(inherited)",
				);
				GCC_SYMBOLS_PRIVATE_EXTERN = NO;
				GCC_WARN_64_TO_32_BIT_CONVERSION = YES;
				GCC_WARN_ABOUT_RETURN_TYPE = YES_ERROR;
				GCC_WARN_UNDECLARED_SELECTOR = YES;
				GCC_WARN_UNINITIALIZED_AUTOS = YES_AGGRESSIVE;
				GCC_WARN_UNUSED_FUNCTION = YES;
				GCC_WARN_UNUSED_VARIABLE = YES;
				IPHONEOS_DEPLOYMENT_TARGET = 7.1;
				ONLY_ACTIVE_ARCH = YES;
				SDKROOT = iphoneos;
			};
			name = Debug;
		};
		0755914F1922E2A000C2C7B7 /* Release */ = {
			isa = XCBuildConfiguration;
			buildSettings = {
				ALWAYS_SEARCH_USER_PATHS = NO;
				CLANG_CXX_LANGUAGE_STANDARD = "gnu++0x";
				CLANG_CXX_LIBRARY = "libc++";
				CLANG_ENABLE_MODULES = YES;
				CLANG_ENABLE_OBJC_ARC = YES;
				CLANG_WARN_BOOL_CONVERSION = YES;
				CLANG_WARN_CONSTANT_CONVERSION = YES;
				CLANG_WARN_DIRECT_OBJC_ISA_USAGE = YES_ERROR;
				CLANG_WARN_EMPTY_BODY = YES;
				CLANG_WARN_ENUM_CONVERSION = YES;
				CLANG_WARN_INT_CONVERSION = YES;
				CLANG_WARN_OBJC_ROOT_CLASS = YES_ERROR;
				CLANG_WARN__DUPLICATE_METHOD_MATCH = YES;
				"CODE_SIGN_IDENTITY[sdk=iphoneos*]" = "iPhone Developer";
				COPY_PHASE_STRIP = YES;
				ENABLE_NS_ASSERTIONS = NO;
				GCC_C_LANGUAGE_STANDARD = gnu99;
				GCC_WARN_64_TO_32_BIT_CONVERSION = YES;
				GCC_WARN_ABOUT_RETURN_TYPE = YES_ERROR;
				GCC_WARN_UNDECLARED_SELECTOR = YES;
				GCC_WARN_UNINITIALIZED_AUTOS = YES_AGGRESSIVE;
				GCC_WARN_UNUSED_FUNCTION = YES;
				GCC_WARN_UNUSED_VARIABLE = YES;
				IPHONEOS_DEPLOYMENT_TARGET = 7.1;
				SDKROOT = iphoneos;
				VALIDATE_PRODUCT = YES;
			};
			name = Release;
		};
		075591511922E2A000C2C7B7 /* Debug */ = {
			isa = XCBuildConfiguration;
			buildSettings = {
				ASSETCATALOG_COMPILER_APPICON_NAME = AppIcon;
				ASSETCATALOG_COMPILER_LAUNCHIMAGE_NAME = LaunchImage;
				GCC_PRECOMPILE_PREFIX_HEADER = YES;
				GCC_PREFIX_HEADER = "CoverageTesting/CoverageTesting-Prefix.pch";
				GCC_PREPROCESSOR_DEFINITIONS = (
					"DEBUG=1",
					"$(inherited)",
					GTM_IS_COVERAGE_BUILD,
					GTM_USING_XCTEST,
				);
				INFOPLIST_FILE = "CoverageTesting/CoverageTesting-Info.plist";
				PRODUCT_NAME = "$(TARGET_NAME)";
				WRAPPER_EXTENSION = app;
			};
			name = Debug;
		};
		075591521922E2A000C2C7B7 /* Release */ = {
			isa = XCBuildConfiguration;
			buildSettings = {
				ASSETCATALOG_COMPILER_APPICON_NAME = AppIcon;
				ASSETCATALOG_COMPILER_LAUNCHIMAGE_NAME = LaunchImage;
				GCC_PRECOMPILE_PREFIX_HEADER = YES;
				GCC_PREFIX_HEADER = "CoverageTesting/CoverageTesting-Prefix.pch";
				INFOPLIST_FILE = "CoverageTesting/CoverageTesting-Info.plist";
				PRODUCT_NAME = "$(TARGET_NAME)";
				WRAPPER_EXTENSION = app;
			};
			name = Release;
		};
		075591541922E2A000C2C7B7 /* Debug */ = {
			isa = XCBuildConfiguration;
			buildSettings = {
				BUNDLE_LOADER = "$(BUILT_PRODUCTS_DIR)/CoverageTesting.app/CoverageTesting";
				FRAMEWORK_SEARCH_PATHS = (
					"$(SDKROOT)/Developer/Library/Frameworks",
					"$(inherited)",
					"$(DEVELOPER_FRAMEWORKS_DIR)",
				);
				GCC_PRECOMPILE_PREFIX_HEADER = YES;
				GCC_PREFIX_HEADER = "CoverageTesting/CoverageTesting-Prefix.pch";
				GCC_PREPROCESSOR_DEFINITIONS = (
					"DEBUG=1",
					"$(inherited)",
					GTM_IS_COVERAGE_BUILD,
					GTM_USING_XCTEST,
				);
				INFOPLIST_FILE = "CoverageTestingTests/CoverageTestingTests-Info.plist";
				PRODUCT_NAME = "$(TARGET_NAME)";
				TEST_HOST = "$(BUNDLE_LOADER)";
				WRAPPER_EXTENSION = xctest;
			};
			name = Debug;
		};
		075591551922E2A000C2C7B7 /* Release */ = {
			isa = XCBuildConfiguration;
			buildSettings = {
				BUNDLE_LOADER = "$(BUILT_PRODUCTS_DIR)/CoverageTesting.app/CoverageTesting";
				FRAMEWORK_SEARCH_PATHS = (
					"$(SDKROOT)/Developer/Library/Frameworks",
					"$(inherited)",
					"$(DEVELOPER_FRAMEWORKS_DIR)",
				);
				GCC_PRECOMPILE_PREFIX_HEADER = YES;
				GCC_PREFIX_HEADER = "CoverageTesting/CoverageTesting-Prefix.pch";
				INFOPLIST_FILE = "CoverageTestingTests/CoverageTestingTests-Info.plist";
				PRODUCT_NAME = "$(TARGET_NAME)";
				TEST_HOST = "$(BUNDLE_LOADER)";
				WRAPPER_EXTENSION = xctest;
			};
			name = Release;
		};
/* End XCBuildConfiguration section */

/* Begin XCConfigurationList section */
		075591191922E2A000C2C7B7 /* Build configuration list for PBXProject "CoverageTesting" */ = {
			isa = XCConfigurationList;
			buildConfigurations = (
				0755914E1922E2A000C2C7B7 /* Debug */,
				0755914F1922E2A000C2C7B7 /* Release */,
			);
			defaultConfigurationIsVisible = 0;
			defaultConfigurationName = Release;
		};
		075591501922E2A000C2C7B7 /* Build configuration list for PBXNativeTarget "CoverageTesting" */ = {
			isa = XCConfigurationList;
			buildConfigurations = (
				075591511922E2A000C2C7B7 /* Debug */,
				075591521922E2A000C2C7B7 /* Release */,
			);
			defaultConfigurationIsVisible = 0;
		};
		075591531922E2A000C2C7B7 /* Build configuration list for PBXNativeTarget "CoverageTestingTests" */ = {
			isa = XCConfigurationList;
			buildConfigurations = (
				075591541922E2A000C2C7B7 /* Debug */,
				075591551922E2A000C2C7B7 /* Release */,
			);
			defaultConfigurationIsVisible = 0;
		};
/* End XCConfigurationList section */
	};
	rootObject = 075591161922E2A000C2C7B7 /* Project object */;
}
